
Microsoft Visual Studio Solution File, Format Version 12.00
# Visual Studio 2012
Project("{FAE04EC0-301F-11D3-BF4B-00C04F79EFBC}") = "CA3", "CA3\CA3.csproj", "{6B192A7C-912E-4F97-90AF-076E6F65F1E3}"
EndProject
Global
	GlobalSection(SolutionConfigurationPlatforms) = preSolution
		Debug|Any CPU = Debug|Any CPU
		Release|Any CPU = Release|Any CPU
	EndGlobalSection
	GlobalSection(ProjectConfigurationPlatforms) = postSolution
		{6B192A7C-912E-4F97-90AF-076E6F65F1E3}.Debug|Any CPU.ActiveCfg = Debug|Any CPU
		{6B192A7C-912E-4F97-90AF-076E6F65F1E3}.Debug|Any CPU.Build.0 = Debug|Any CPU
		{6B192A7C-912E-4F97-90AF-076E6F65F1E3}.Release|Any CPU.ActiveCfg = Release|Any CPU
		{6B192A7C-912E-4F97-90AF-076E6F65F1E3}.Release|Any CPU.Build.0 = Release|Any CPU
	EndGlobalSection
	GlobalSection(SolutionProperties) = preSolution
		HideSolutionNode = FALSE
	EndGlobalSection
EndGlobal
